// !$*UTF8*$!
{
	archiveVersion = 1;
	classes = {
	};
	objectVersion = 50;
	objects = {

/* Begin PBXBuildFile section */
		B446FC9D245F2D5900D633CA /* AppDelegate.swift in Sources */ = {isa = PBXBuildFile; fileRef = B446FC9C245F2D5900D633CA /* AppDelegate.swift */; };
		B446FCA2245F2D5900D633CA /* Main.storyboard in Resources */ = {isa = PBXBuildFile; fileRef = B446FCA0245F2D5900D633CA /* Main.storyboard */; };
		B446FCA4245F2D5C00D633CA /* Assets.xcassets in Resources */ = {isa = PBXBuildFile; fileRef = B446FCA3245F2D5C00D633CA /* Assets.xcassets */; };
		B446FCA7245F2D5C00D633CA /* LaunchScreen.storyboard in Resources */ = {isa = PBXBuildFile; fileRef = B446FCA5245F2D5C00D633CA /* LaunchScreen.storyboard */; };
		B446FCB3245F2E0100D633CA /* HomeController.swift in Sources */ = {isa = PBXBuildFile; fileRef = B446FCB2245F2E0100D633CA /* HomeController.swift */; };
		B446FCB6245F2E2100D633CA /* ContainerController.swift in Sources */ = {isa = PBXBuildFile; fileRef = B446FCB5245F2E2100D633CA /* ContainerController.swift */; };
		B446FCB8245F2E3200D633CA /* MenuController.swift in Sources */ = {isa = PBXBuildFile; fileRef = B446FCB7245F2E3200D633CA /* MenuController.swift */; };
		B446FCBA245F4C2300D633CA /* Protocols.swift in Sources */ = {isa = PBXBuildFile; fileRef = B446FCB9245F4C2300D633CA /* Protocols.swift */; };
		B446FCBC245F510F00D633CA /* MenuOptionCell.swift in Sources */ = {isa = PBXBuildFile; fileRef = B446FCBB245F510F00D633CA /* MenuOptionCell.swift */; };
		B446FCBE245F574200D633CA /* MenuOption.swift in Sources */ = {isa = PBXBuildFile; fileRef = B446FCBD245F574200D633CA /* MenuOption.swift */; };
		B446FCC02460847900D633CA /* CompaniesController.swift in Sources */ = {isa = PBXBuildFile; fileRef = B446FCBF2460847900D633CA /* CompaniesController.swift */; };
		B446FCC224608BAA00D633CA /* Company.swift in Sources */ = {isa = PBXBuildFile; fileRef = B446FCC124608BAA00D633CA /* Company.swift */; };
		B446FCC62460A69D00D633CA /* UsersController.swift in Sources */ = {isa = PBXBuildFile; fileRef = B446FCC52460A69D00D633CA /* UsersController.swift */; };
		B446FCC82460CF8000D633CA /* CompanyOptionCell.swift in Sources */ = {isa = PBXBuildFile; fileRef = B446FCC72460CF8000D633CA /* CompanyOptionCell.swift */; };
		B4AEA1DA2461F96C00FEF1A6 /* AddCompaniesController.swift in Sources */ = {isa = PBXBuildFile; fileRef = B4AEA1D92461F96C00FEF1A6 /* AddCompaniesController.swift */; };
		B4AEA1DC24626F9200FEF1A6 /* User.swift in Sources */ = {isa = PBXBuildFile; fileRef = B4AEA1DB24626F9200FEF1A6 /* User.swift */; };
		B4AEA1DE246270B000FEF1A6 /* AddUsersController.swift in Sources */ = {isa = PBXBuildFile; fileRef = B4AEA1DD246270B000FEF1A6 /* AddUsersController.swift */; };
		B4AEA1E02462724F00FEF1A6 /* UserOptionCell.swift in Sources */ = {isa = PBXBuildFile; fileRef = B4AEA1DF2462724F00FEF1A6 /* UserOptionCell.swift */; };
		B4AEA1E3246277F700FEF1A6 /* ComputersController.swift in Sources */ = {isa = PBXBuildFile; fileRef = B4AEA1E2246277F700FEF1A6 /* ComputersController.swift */; };
		B4AEA1E52462780B00FEF1A6 /* AddComputersController.swift in Sources */ = {isa = PBXBuildFile; fileRef = B4AEA1E42462780B00FEF1A6 /* AddComputersController.swift */; };
		B4AEA1E72462782400FEF1A6 /* ComputerOptionCell.swift in Sources */ = {isa = PBXBuildFile; fileRef = B4AEA1E62462782400FEF1A6 /* ComputerOptionCell.swift */; };
		B4AEA1E92462784700FEF1A6 /* Computer.swift in Sources */ = {isa = PBXBuildFile; fileRef = B4AEA1E82462784700FEF1A6 /* Computer.swift */; };
		B4AEA1EC2462A74600FEF1A6 /* ReportsController.swift in Sources */ = {isa = PBXBuildFile; fileRef = B4AEA1EB2462A74600FEF1A6 /* ReportsController.swift */; };
		B4AEA1EE2462A75600FEF1A6 /* AddReportsController.swift in Sources */ = {isa = PBXBuildFile; fileRef = B4AEA1ED2462A75600FEF1A6 /* AddReportsController.swift */; };
		B4AEA1F02462A76500FEF1A6 /* ReportOptionCell.swift in Sources */ = {isa = PBXBuildFile; fileRef = B4AEA1EF2462A76500FEF1A6 /* ReportOptionCell.swift */; };
		B4AEA1F22462A7F300FEF1A6 /* Report.swift in Sources */ = {isa = PBXBuildFile; fileRef = B4AEA1F12462A7F300FEF1A6 /* Report.swift */; };
		B4AEA1F42463463B00FEF1A6 /* AddController.swift in Sources */ = {isa = PBXBuildFile; fileRef = B4AEA1F32463463B00FEF1A6 /* AddController.swift */; };
		B4AEA1F624636C6300FEF1A6 /* CompanyPicker.swift in Sources */ = {isa = PBXBuildFile; fileRef = B4AEA1F524636C6300FEF1A6 /* CompanyPicker.swift */; };
/* End PBXBuildFile section */

/* Begin PBXFileReference section */
		B446FC99245F2D5900D633CA /* Proyecto Final.app */ = {isa = PBXFileReference; explicitFileType = wrapper.application; includeInIndex = 0; path = "Proyecto Final.app"; sourceTree = BUILT_PRODUCTS_DIR; };
		B446FC9C245F2D5900D633CA /* AppDelegate.swift */ = {isa = PBXFileReference; lastKnownFileType = sourcecode.swift; path = AppDelegate.swift; sourceTree = "<group>"; };
		B446FCA1245F2D5900D633CA /* Base */ = {isa = PBXFileReference; lastKnownFileType = file.storyboard; name = Base; path = Base.lproj/Main.storyboard; sourceTree = "<group>"; };
		B446FCA3245F2D5C00D633CA /* Assets.xcassets */ = {isa = PBXFileReference; lastKnownFileType = folder.assetcatalog; path = Assets.xcassets; sourceTree = "<group>"; };
		B446FCA6245F2D5C00D633CA /* Base */ = {isa = PBXFileReference; lastKnownFileType = file.storyboard; name = Base; path = Base.lproj/LaunchScreen.storyboard; sourceTree = "<group>"; };
		B446FCA8245F2D5C00D633CA /* Info.plist */ = {isa = PBXFileReference; lastKnownFileType = text.plist.xml; path = Info.plist; sourceTree = "<group>"; };
		B446FCB2245F2E0100D633CA /* HomeController.swift */ = {isa = PBXFileReference; lastKnownFileType = sourcecode.swift; path = HomeController.swift; sourceTree = "<group>"; };
		B446FCB5245F2E2100D633CA /* ContainerController.swift */ = {isa = PBXFileReference; lastKnownFileType = sourcecode.swift; path = ContainerController.swift; sourceTree = "<group>"; };
		B446FCB7245F2E3200D633CA /* MenuController.swift */ = {isa = PBXFileReference; lastKnownFileType = sourcecode.swift; path = MenuController.swift; sourceTree = "<group>"; };
		B446FCB9245F4C2300D633CA /* Protocols.swift */ = {isa = PBXFileReference; lastKnownFileType = sourcecode.swift; path = Protocols.swift; sourceTree = "<group>"; };
		B446FCBB245F510F00D633CA /* MenuOptionCell.swift */ = {isa = PBXFileReference; lastKnownFileType = sourcecode.swift; path = MenuOptionCell.swift; sourceTree = "<group>"; };
		B446FCBD245F574200D633CA /* MenuOption.swift */ = {isa = PBXFileReference; lastKnownFileType = sourcecode.swift; path = MenuOption.swift; sourceTree = "<group>"; };
		B446FCBF2460847900D633CA /* CompaniesController.swift */ = {isa = PBXFileReference; lastKnownFileType = sourcecode.swift; path = CompaniesController.swift; sourceTree = "<group>"; };
		B446FCC124608BAA00D633CA /* Company.swift */ = {isa = PBXFileReference; lastKnownFileType = sourcecode.swift; path = Company.swift; sourceTree = "<group>"; };
		B446FCC52460A69D00D633CA /* UsersController.swift */ = {isa = PBXFileReference; lastKnownFileType = sourcecode.swift; path = UsersController.swift; sourceTree = "<group>"; };
		B446FCC72460CF8000D633CA /* CompanyOptionCell.swift */ = {isa = PBXFileReference; lastKnownFileType = sourcecode.swift; path = CompanyOptionCell.swift; sourceTree = "<group>"; };
		B4AEA1D92461F96C00FEF1A6 /* AddCompaniesController.swift */ = {isa = PBXFileReference; lastKnownFileType = sourcecode.swift; path = AddCompaniesController.swift; sourceTree = "<group>"; };
		B4AEA1DB24626F9200FEF1A6 /* User.swift */ = {isa = PBXFileReference; lastKnownFileType = sourcecode.swift; path = User.swift; sourceTree = "<group>"; };
		B4AEA1DD246270B000FEF1A6 /* AddUsersController.swift */ = {isa = PBXFileReference; lastKnownFileType = sourcecode.swift; path = AddUsersController.swift; sourceTree = "<group>"; };
		B4AEA1DF2462724F00FEF1A6 /* UserOptionCell.swift */ = {isa = PBXFileReference; lastKnownFileType = sourcecode.swift; path = UserOptionCell.swift; sourceTree = "<group>"; };
		B4AEA1E2246277F700FEF1A6 /* ComputersController.swift */ = {isa = PBXFileReference; lastKnownFileType = sourcecode.swift; path = ComputersController.swift; sourceTree = "<group>"; };
		B4AEA1E42462780B00FEF1A6 /* AddComputersController.swift */ = {isa = PBXFileReference; lastKnownFileType = sourcecode.swift; path = AddComputersController.swift; sourceTree = "<group>"; };
		B4AEA1E62462782400FEF1A6 /* ComputerOptionCell.swift */ = {isa = PBXFileReference; lastKnownFileType = sourcecode.swift; path = ComputerOptionCell.swift; sourceTree = "<group>"; };
		B4AEA1E82462784700FEF1A6 /* Computer.swift */ = {isa = PBXFileReference; lastKnownFileType = sourcecode.swift; path = Computer.swift; sourceTree = "<group>"; };
		B4AEA1EB2462A74600FEF1A6 /* ReportsController.swift */ = {isa = PBXFileReference; lastKnownFileType = sourcecode.swift; path = ReportsController.swift; sourceTree = "<group>"; };
		B4AEA1ED2462A75600FEF1A6 /* AddReportsController.swift */ = {isa = PBXFileReference; lastKnownFileType = sourcecode.swift; path = AddReportsController.swift; sourceTree = "<group>"; };
		B4AEA1EF2462A76500FEF1A6 /* ReportOptionCell.swift */ = {isa = PBXFileReference; lastKnownFileType = sourcecode.swift; path = ReportOptionCell.swift; sourceTree = "<group>"; };
		B4AEA1F12462A7F300FEF1A6 /* Report.swift */ = {isa = PBXFileReference; lastKnownFileType = sourcecode.swift; path = Report.swift; sourceTree = "<group>"; };
		B4AEA1F32463463B00FEF1A6 /* AddController.swift */ = {isa = PBXFileReference; lastKnownFileType = sourcecode.swift; path = AddController.swift; sourceTree = "<group>"; };
		B4AEA1F524636C6300FEF1A6 /* CompanyPicker.swift */ = {isa = PBXFileReference; lastKnownFileType = sourcecode.swift; path = CompanyPicker.swift; sourceTree = "<group>"; };
/* End PBXFileReference section */

/* Begin PBXFrameworksBuildPhase section */
		B446FC96245F2D5900D633CA /* Frameworks */ = {
			isa = PBXFrameworksBuildPhase;
			buildActionMask = 2147483647;
			files = (
			);
			runOnlyForDeploymentPostprocessing = 0;
		};
/* End PBXFrameworksBuildPhase section */

/* Begin PBXGroup section */
		B446FC90245F2D5900D633CA = {
			isa = PBXGroup;
			children = (
				B446FC9B245F2D5900D633CA /* Proyecto Final */,
				B446FC9A245F2D5900D633CA /* Products */,
			);
			sourceTree = "<group>";
		};
		B446FC9A245F2D5900D633CA /* Products */ = {
			isa = PBXGroup;
			children = (
				B446FC99245F2D5900D633CA /* Proyecto Final.app */,
			);
			name = Products;
			sourceTree = "<group>";
		};
		B446FC9B245F2D5900D633CA /* Proyecto Final */ = {
			isa = PBXGroup;
			children = (
				B446FCB1245F2DD000D633CA /* Utils */,
				B446FCAF245F2DC000D633CA /* View */,
				B446FCAE245F2DB500D633CA /* Model */,
				B446FCB0245F2DC800D633CA /* Controller */,
				B446FC9C245F2D5900D633CA /* AppDelegate.swift */,
				B446FCA0245F2D5900D633CA /* Main.storyboard */,
				B446FCA3245F2D5C00D633CA /* Assets.xcassets */,
				B446FCA5245F2D5C00D633CA /* LaunchScreen.storyboard */,
				B446FCA8245F2D5C00D633CA /* Info.plist */,
			);
			path = "Proyecto Final";
			sourceTree = "<group>";
		};
		B446FCAE245F2DB500D633CA /* Model */ = {
			isa = PBXGroup;
			children = (
				B446FCBD245F574200D633CA /* MenuOption.swift */,
				B446FCC124608BAA00D633CA /* Company.swift */,
				B4AEA1DB24626F9200FEF1A6 /* User.swift */,
				B4AEA1E82462784700FEF1A6 /* Computer.swift */,
				B4AEA1F12462A7F300FEF1A6 /* Report.swift */,
			);
			path = Model;
			sourceTree = "<group>";
		};
		B446FCAF245F2DC000D633CA /* View */ = {
			isa = PBXGroup;
			children = (
				B446FCBB245F510F00D633CA /* MenuOptionCell.swift */,
			);
			path = View;
			sourceTree = "<group>";
		};
		B446FCB0245F2DC800D633CA /* Controller */ = {
			isa = PBXGroup;
			children = (
				B4AEA1EA2462A72100FEF1A6 /* Reports */,
				B4AEA1E1246277E000FEF1A6 /* Computers */,
				B446FCC42460A67B00D633CA /* Users */,
				B446FCC32460A66A00D633CA /* Companies */,
				B446FCB5245F2E2100D633CA /* ContainerController.swift */,
				B446FCB2245F2E0100D633CA /* HomeController.swift */,
				B446FCB7245F2E3200D633CA /* MenuController.swift */,
				B4AEA1F32463463B00FEF1A6 /* AddController.swift */,
			);
			path = Controller;
			sourceTree = "<group>";
		};
		B446FCB1245F2DD000D633CA /* Utils */ = {
			isa = PBXGroup;
			children = (
				B446FCB9245F4C2300D633CA /* Protocols.swift */,
			);
			path = Utils;
			sourceTree = "<group>";
		};
		B446FCC32460A66A00D633CA /* Companies */ = {
			isa = PBXGroup;
			children = (
				B446FCBF2460847900D633CA /* CompaniesController.swift */,
				B4AEA1D92461F96C00FEF1A6 /* AddCompaniesController.swift */,
				B446FCC72460CF8000D633CA /* CompanyOptionCell.swift */,
				B4AEA1F524636C6300FEF1A6 /* CompanyPicker.swift */,
			);
			path = Companies;
			sourceTree = "<group>";
		};
		B446FCC42460A67B00D633CA /* Users */ = {
			isa = PBXGroup;
			children = (
				B446FCC52460A69D00D633CA /* UsersController.swift */,
				B4AEA1DD246270B000FEF1A6 /* AddUsersController.swift */,
				B4AEA1DF2462724F00FEF1A6 /* UserOptionCell.swift */,
			);
			path = Users;
			sourceTree = "<group>";
		};
		B4AEA1E1246277E000FEF1A6 /* Computers */ = {
			isa = PBXGroup;
			children = (
				B4AEA1E2246277F700FEF1A6 /* ComputersController.swift */,
				B4AEA1E42462780B00FEF1A6 /* AddComputersController.swift */,
				B4AEA1E62462782400FEF1A6 /* ComputerOptionCell.swift */,
			);
			path = Computers;
			sourceTree = "<group>";
		};
		B4AEA1EA2462A72100FEF1A6 /* Reports */ = {
			isa = PBXGroup;
			children = (
				B4AEA1EB2462A74600FEF1A6 /* ReportsController.swift */,
				B4AEA1ED2462A75600FEF1A6 /* AddReportsController.swift */,
				B4AEA1EF2462A76500FEF1A6 /* ReportOptionCell.swift */,
			);
			path = Reports;
			sourceTree = "<group>";
		};
/* End PBXGroup section */

/* Begin PBXNativeTarget section */
		B446FC98245F2D5900D633CA /* Proyecto Final */ = {
			isa = PBXNativeTarget;
			buildConfigurationList = B446FCAB245F2D5C00D633CA /* Build configuration list for PBXNativeTarget "Proyecto Final" */;
			buildPhases = (
				B446FC95245F2D5900D633CA /* Sources */,
				B446FC96245F2D5900D633CA /* Frameworks */,
				B446FC97245F2D5900D633CA /* Resources */,
			);
			buildRules = (
			);
			dependencies = (
			);
			name = "Proyecto Final";
			productName = "Proyecto Final";
			productReference = B446FC99245F2D5900D633CA /* Proyecto Final.app */;
			productType = "com.apple.product-type.application";
		};
/* End PBXNativeTarget section */

/* Begin PBXProject section */
		B446FC91245F2D5900D633CA /* Project object */ = {
			isa = PBXProject;
			attributes = {
				LastSwiftUpdateCheck = 1000;
				LastUpgradeCheck = 1000;
				ORGANIZATIONNAME = llWolfz;
				TargetAttributes = {
					B446FC98245F2D5900D633CA = {
						CreatedOnToolsVersion = 10.0;
					};
				};
			};
			buildConfigurationList = B446FC94245F2D5900D633CA /* Build configuration list for PBXProject "Proyecto Final" */;
			compatibilityVersion = "Xcode 9.3";
			developmentRegion = en;
			hasScannedForEncodings = 0;
			knownRegions = (
				en,
				Base,
			);
			mainGroup = B446FC90245F2D5900D633CA;
			productRefGroup = B446FC9A245F2D5900D633CA /* Products */;
			projectDirPath = "";
			projectRoot = "";
			targets = (
				B446FC98245F2D5900D633CA /* Proyecto Final */,
			);
		};
/* End PBXProject section */

/* Begin PBXResourcesBuildPhase section */
		B446FC97245F2D5900D633CA /* Resources */ = {
			isa = PBXResourcesBuildPhase;
			buildActionMask = 2147483647;
			files = (
				B446FCA7245F2D5C00D633CA /* LaunchScreen.storyboard in Resources */,
				B446FCA4245F2D5C00D633CA /* Assets.xcassets in Resources */,
				B446FCA2245F2D5900D633CA /* Main.storyboard in Resources */,
			);
			runOnlyForDeploymentPostprocessing = 0;
		};
/* End PBXResourcesBuildPhase section */

/* Begin PBXSourcesBuildPhase section */
		B446FC95245F2D5900D633CA /* Sources */ = {
			isa = PBXSourcesBuildPhase;
			buildActionMask = 2147483647;
			files = (
				B4AEA1DC24626F9200FEF1A6 /* User.swift in Sources */,
				B446FCC02460847900D633CA /* CompaniesController.swift in Sources */,
				B4AEA1E52462780B00FEF1A6 /* AddComputersController.swift in Sources */,
				B4AEA1F42463463B00FEF1A6 /* AddController.swift in Sources */,
				B4AEA1E02462724F00FEF1A6 /* UserOptionCell.swift in Sources */,
				B4AEA1F02462A76500FEF1A6 /* ReportOptionCell.swift in Sources */,
				B4AEA1DE246270B000FEF1A6 /* AddUsersController.swift in Sources */,
				B4AEA1EC2462A74600FEF1A6 /* ReportsController.swift in Sources */,
				B4AEA1E72462782400FEF1A6 /* ComputerOptionCell.swift in Sources */,
				B4AEA1F624636C6300FEF1A6 /* CompanyPicker.swift in Sources */,
				B446FCBA245F4C2300D633CA /* Protocols.swift in Sources */,
				B446FCC224608BAA00D633CA /* Company.swift in Sources */,
				B4AEA1E92462784700FEF1A6 /* Computer.swift in Sources */,
				B4AEA1EE2462A75600FEF1A6 /* AddReportsController.swift in Sources */,
				B446FCBC245F510F00D633CA /* MenuOptionCell.swift in Sources */,
				B446FCBE245F574200D633CA /* MenuOption.swift in Sources */,
				B446FCB8245F2E3200D633CA /* MenuController.swift in Sources */,
				B446FCC62460A69D00D633CA /* UsersController.swift in Sources */,
				B4AEA1E3246277F700FEF1A6 /* ComputersController.swift in Sources */,
				B4AEA1DA2461F96C00FEF1A6 /* AddCompaniesController.swift in Sources */,
				B446FCC82460CF8000D633CA /* CompanyOptionCell.swift in Sources */,
				B446FC9D245F2D5900D633CA /* AppDelegate.swift in Sources */,
				B446FCB3245F2E0100D633CA /* HomeController.swift in Sources */,
				B4AEA1F22462A7F300FEF1A6 /* Report.swift in Sources */,
				B446FCB6245F2E2100D633CA /* ContainerController.swift in Sources */,
			);
			runOnlyForDeploymentPostprocessing = 0;
		};
/* End PBXSourcesBuildPhase section */

/* Begin PBXVariantGroup section */
		B446FCA0245F2D5900D633CA /* Main.storyboard */ = {
			isa = PBXVariantGroup;
			children = (
				B446FCA1245F2D5900D633CA /* Base */,
			);
			name = Main.storyboard;
			sourceTree = "<group>";
		};
		B446FCA5245F2D5C00D633CA /* LaunchScreen.storyboard */ = {
			isa = PBXVariantGroup;
			children = (
				B446FCA6245F2D5C00D633CA /* Base */,
			);
			name = LaunchScreen.storyboard;
			sourceTree = "<group>";
		};
/* End PBXVariantGroup section */

/* Begin XCBuildConfiguration section */
		B446FCA9245F2D5C00D633CA /* Debug */ = {
			isa = XCBuildConfiguration;
			buildSettings = {
				ALWAYS_SEARCH_USER_PATHS = NO;
				CLANG_ANALYZER_NONNULL = YES;
				CLANG_ANALYZER_NUMBER_OBJECT_CONVERSION = YES_AGGRESSIVE;
				CLANG_CXX_LANGUAGE_STANDARD = "gnu++14";
				CLANG_CXX_LIBRARY = "libc++";
				CLANG_ENABLE_MODULES = YES;
				CLANG_ENABLE_OBJC_ARC = YES;
				CLANG_ENABLE_OBJC_WEAK = YES;
				CLANG_WARN_BLOCK_CAPTURE_AUTORELEASING = YES;
				CLANG_WARN_BOOL_CONVERSION = YES;
				CLANG_WARN_COMMA = YES;
				CLANG_WARN_CONSTANT_CONVERSION = YES;
				CLANG_WARN_DEPRECATED_OBJC_IMPLEMENTATIONS = YES;
				CLANG_WARN_DIRECT_OBJC_ISA_USAGE = YES_ERROR;
				CLANG_WARN_DOCUMENTATION_COMMENTS = YES;
				CLANG_WARN_EMPTY_BODY = YES;
				CLANG_WARN_ENUM_CONVERSION = YES;
				CLANG_WARN_INFINITE_RECURSION = YES;
				CLANG_WARN_INT_CONVERSION = YES;
				CLANG_WARN_NON_LITERAL_NULL_CONVERSION = YES;
				CLANG_WARN_OBJC_IMPLICIT_RETAIN_SELF = YES;
				CLANG_WARN_OBJC_LITERAL_CONVERSION = YES;
				CLANG_WARN_OBJC_ROOT_CLASS = YES_ERROR;
				CLANG_WARN_RANGE_LOOP_ANALYSIS = YES;
				CLANG_WARN_STRICT_PROTOTYPES = YES;
				CLANG_WARN_SUSPICIOUS_MOVE = YES;
				CLANG_WARN_UNGUARDED_AVAILABILITY = YES_AGGRESSIVE;
				CLANG_WARN_UNREACHABLE_CODE = YES;
				CLANG_WARN__DUPLICATE_METHOD_MATCH = YES;
				CODE_SIGN_IDENTITY = "iPhone Developer";
				COPY_PHASE_STRIP = NO;
				DEBUG_INFORMATION_FORMAT = dwarf;
				ENABLE_STRICT_OBJC_MSGSEND = YES;
				ENABLE_TESTABILITY = YES;
				GCC_C_LANGUAGE_STANDARD = gnu11;
				GCC_DYNAMIC_NO_PIC = NO;
				GCC_NO_COMMON_BLOCKS = YES;
				GCC_OPTIMIZATION_LEVEL = 0;
				GCC_PREPROCESSOR_DEFINITIONS = (
					"DEBUG=1",
					"$(inherited)",
				);
				GCC_WARN_64_TO_32_BIT_CONVERSION = YES;
				GCC_WARN_ABOUT_RETURN_TYPE = YES_ERROR;
				GCC_WARN_UNDECLARED_SELECTOR = YES;
				GCC_WARN_UNINITIALIZED_AUTOS = YES_AGGRESSIVE;
				GCC_WARN_UNUSED_FUNCTION = YES;
				GCC_WARN_UNUSED_VARIABLE = YES;
				IPHONEOS_DEPLOYMENT_TARGET = 12.0;
				MTL_ENABLE_DEBUG_INFO = INCLUDE_SOURCE;
				MTL_FAST_MATH = YES;
				ONLY_ACTIVE_ARCH = YES;
				SDKROOT = iphoneos;
				SWIFT_ACTIVE_COMPILATION_CONDITIONS = DEBUG;
				SWIFT_OPTIMIZATION_LEVEL = "-Onone";
			};
			name = Debug;
		};
		B446FCAA245F2D5C00D633CA /* Release */ = {
			isa = XCBuildConfiguration;
			buildSettings = {
				ALWAYS_SEARCH_USER_PATHS = NO;
				CLANG_ANALYZER_NONNULL = YES;
				CLANG_ANALYZER_NUMBER_OBJECT_CONVERSION = YES_AGGRESSIVE;
				CLANG_CXX_LANGUAGE_STANDARD = "gnu++14";
				CLANG_CXX_LIBRARY = "libc++";
				CLANG_ENABLE_MODULES = YES;
				CLANG_ENABLE_OBJC_ARC = YES;
				CLANG_ENABLE_OBJC_WEAK = YES;
				CLANG_WARN_BLOCK_CAPTURE_AUTORELEASING = YES;
				CLANG_WARN_BOOL_CONVERSION = YES;
				CLANG_WARN_COMMA = YES;
				CLANG_WARN_CONSTANT_CONVERSION = YES;
				CLANG_WARN_DEPRECATED_OBJC_IMPLEMENTATIONS = YES;
				CLANG_WARN_DIRECT_OBJC_ISA_USAGE = YES_ERROR;
				CLANG_WARN_DOCUMENTATION_COMMENTS = YES;
				CLANG_WARN_EMPTY_BODY = YES;
				CLANG_WARN_ENUM_CONVERSION = YES;
				CLANG_WARN_INFINITE_RECURSION = YES;
				CLANG_WARN_INT_CONVERSION = YES;
				CLANG_WARN_NON_LITERAL_NULL_CONVERSION = YES;
				CLANG_WARN_OBJC_IMPLICIT_RETAIN_SELF = YES;
				CLANG_WARN_OBJC_LITERAL_CONVERSION = YES;
				CLANG_WARN_OBJC_ROOT_CLASS = YES_ERROR;
				CLANG_WARN_RANGE_LOOP_ANALYSIS = YES;
				CLANG_WARN_STRICT_PROTOTYPES = YES;
				CLANG_WARN_SUSPICIOUS_MOVE = YES;
				CLANG_WARN_UNGUARDED_AVAILABILITY = YES_AGGRESSIVE;
				CLANG_WARN_UNREACHABLE_CODE = YES;
				CLANG_WARN__DUPLICATE_METHOD_MATCH = YES;
				CODE_SIGN_IDENTITY = "iPhone Developer";
				COPY_PHASE_STRIP = NO;
				DEBUG_INFORMATION_FORMAT = "dwarf-with-dsym";
				ENABLE_NS_ASSERTIONS = NO;
				ENABLE_STRICT_OBJC_MSGSEND = YES;
				GCC_C_LANGUAGE_STANDARD = gnu11;
				GCC_NO_COMMON_BLOCKS = YES;
				GCC_WARN_64_TO_32_BIT_CONVERSION = YES;
				GCC_WARN_ABOUT_RETURN_TYPE = YES_ERROR;
				GCC_WARN_UNDECLARED_SELECTOR = YES;
				GCC_WARN_UNINITIALIZED_AUTOS = YES_AGGRESSIVE;
				GCC_WARN_UNUSED_FUNCTION = YES;
				GCC_WARN_UNUSED_VARIABLE = YES;
				IPHONEOS_DEPLOYMENT_TARGET = 12.0;
				MTL_ENABLE_DEBUG_INFO = NO;
				MTL_FAST_MATH = YES;
				SDKROOT = iphoneos;
				SWIFT_COMPILATION_MODE = wholemodule;
				SWIFT_OPTIMIZATION_LEVEL = "-O";
				VALIDATE_PRODUCT = YES;
			};
			name = Release;
		};
		B446FCAC245F2D5C00D633CA /* Debug */ = {
			isa = XCBuildConfiguration;
			buildSettings = {
				ASSETCATALOG_COMPILER_APPICON_NAME = AppIcon;
				CODE_SIGN_STYLE = Automatic;
				INFOPLIST_FILE = "Proyecto Final/Info.plist";
				LD_RUNPATH_SEARCH_PATHS = (
					"$(inherited)",
					"@executable_path/Frameworks",
				);
				PRODUCT_BUNDLE_IDENTIFIER = "com.llWolfz.Proyecto-Final";
				PRODUCT_NAME = "$(TARGET_NAME)";
				SWIFT_VERSION = 4.2;
				TARGETED_DEVICE_FAMILY = "1,2";
			};
			name = Debug;
		};
		B446FCAD245F2D5C00D633CA /* Release */ = {
			isa = XCBuildConfiguration;
			buildSettings = {
				ASSETCATALOG_COMPILER_APPICON_NAME = AppIcon;
				CODE_SIGN_STYLE = Automatic;
				INFOPLIST_FILE = "Proyecto Final/Info.plist";
				LD_RUNPATH_SEARCH_PATHS = (
					"$(inherited)",
					"@executable_path/Frameworks",
				);
				PRODUCT_BUNDLE_IDENTIFIER = "com.llWolfz.Proyecto-Final";
				PRODUCT_NAME = "$(TARGET_NAME)";
				SWIFT_VERSION = 4.2;
				TARGETED_DEVICE_FAMILY = "1,2";
			};
			name = Release;
		};
/* End XCBuildConfiguration section */

/* Begin XCConfigurationList section */
		B446FC94245F2D5900D633CA /* Build configuration list for PBXProject "Proyecto Final" */ = {
			isa = XCConfigurationList;
			buildConfigurations = (
				B446FCA9245F2D5C00D633CA /* Debug */,
				B446FCAA245F2D5C00D633CA /* Release */,
			);
			defaultConfigurationIsVisible = 0;
			defaultConfigurationName = Release;
		};
		B446FCAB245F2D5C00D633CA /* Build configuration list for PBXNativeTarget "Proyecto Final" */ = {
			isa = XCConfigurationList;
			buildConfigurations = (
				B446FCAC245F2D5C00D633CA /* Debug */,
				B446FCAD245F2D5C00D633CA /* Release */,
			);
			defaultConfigurationIsVisible = 0;
			defaultConfigurationName = Release;
		};
/* End XCConfigurationList section */
	};
	rootObject = B446FC91245F2D5900D633CA /* Project object */;
}
